
Microsoft Visual Studio Solution File, Format Version 12.00
# Visual Studio Version 16
VisualStudioVersion = 16.0.29709.97
MinimumVisualStudioVersion = 10.0.40219.1
Project("{FAE04EC0-301F-11D3-BF4B-00C04F79EFBC}") = "BinaryAdder", "BinaryAdder\BinaryAdder.csproj", "{F2D66D0F-D80A-452A-876C-39C6974C81A1}"
EndProject
Global
	GlobalSection(SolutionConfigurationPlatforms) = preSolution
		Debug|Any CPU = Debug|Any CPU
		Release|Any CPU = Release|Any CPU
	EndGlobalSection
	GlobalSection(ProjectConfigurationPlatforms) = postSolution
		{F2D66D0F-D80A-452A-876C-39C6974C81A1}.Debug|Any CPU.ActiveCfg = Debug|Any CPU
		{F2D66D0F-D80A-452A-876C-39C6974C81A1}.Debug|Any CPU.Build.0 = Debug|Any CPU
		{F2D66D0F-D80A-452A-876C-39C6974C81A1}.Release|Any CPU.ActiveCfg = Release|Any CPU
		{F2D66D0F-D80A-452A-876C-39C6974C81A1}.Release|Any CPU.Build.0 = Release|Any CPU
	EndGlobalSection
	GlobalSection(SolutionProperties) = preSolution
		HideSolutionNode = FALSE
	EndGlobalSection
	GlobalSection(ExtensibilityGlobals) = postSolution
		SolutionGuid = {E4D2CE39-9973-4A60-8ED7-12DDC60E6500}
	EndGlobalSection
EndGlobal
